
Microsoft Visual Studio Solution File, Format Version 12.00
# Visual Studio Version 17
VisualStudioVersion = 17.12.35728.132 d17.12
MinimumVisualStudioVersion = 10.0.40219.1
Project("{FAE04EC0-301F-11D3-BF4B-00C04F79EFBC}") = "EBCEYS.HealthChecksService", "EBCEYS.HealthChecksService\EBCEYS.HealthChecksService.csproj", "{29578B9E-1402-4492-813B-DEF59D223376}"
EndProject
Project("{E53339B2-1760-4266-BCC7-CA923CBCF16C}") = "docker-compose", "docker-compose.dcproj", "{4C959C5F-EE5C-45EE-87EC-9C34ACA3CD0A}"
EndProject
Global
	GlobalSection(SolutionConfigurationPlatforms) = preSolution
		Debug|Any CPU = Debug|Any CPU
		Release|Any CPU = Release|Any CPU
	EndGlobalSection
	GlobalSection(ProjectConfigurationPlatforms) = postSolution
		{29578B9E-1402-4492-813B-DEF59D223376}.Debug|Any CPU.ActiveCfg = Debug|Any CPU
		{29578B9E-1402-4492-813B-DEF59D223376}.Debug|Any CPU.Build.0 = Debug|Any CPU
		{29578B9E-1402-4492-813B-DEF59D223376}.Release|Any CPU.ActiveCfg = Release|Any CPU
		{29578B9E-1402-4492-813B-DEF59D223376}.Release|Any CPU.Build.0 = Release|Any CPU
		{4C959C5F-EE5C-45EE-87EC-9C34ACA3CD0A}.Debug|Any CPU.ActiveCfg = Debug|Any CPU
		{4C959C5F-EE5C-45EE-87EC-9C34ACA3CD0A}.Debug|Any CPU.Build.0 = Debug|Any CPU
		{4C959C5F-EE5C-45EE-87EC-9C34ACA3CD0A}.Release|Any CPU.ActiveCfg = Release|Any CPU
		{4C959C5F-EE5C-45EE-87EC-9C34ACA3CD0A}.Release|Any CPU.Build.0 = Release|Any CPU
	EndGlobalSection
	GlobalSection(SolutionProperties) = preSolution
		HideSolutionNode = FALSE
	EndGlobalSection
EndGlobal
